Microsoft Visual Studio Solution File, Format Version 12.00
# Visual Studio Version 17
VisualStudioVersion = 17.0.31903.59
MinimumVisualStudioVersion = 10.0.40219.1
Project("{FAE04EC0-301F-11D3-BF4B-00C04F79EFBC}") = "Sim.Core", "src\Sim.Core\Sim.Core.csproj", "{7C7E0E8E-98F4-4DE6-8D52-6CB0415CDB6F}"
EndProject
Project("{FAE04EC0-301F-11D3-BF4B-00C04F79EFBC}") = "Sim.Core.Tests", "src\Sim.Core.Tests\Sim.Core.Tests.csproj", "{5AB3EA01-1322-4184-AE69-C2D73E57DCC2}"
EndProject
Project("{2150E333-8FDC-42A3-9474-1A3956D46DE8}") = "src", "src", "{92E33C9F-923B-4BDF-86C6-7888F5E78120}"
EndProject
Project("{FAE04EC0-301F-11D3-BF4B-00C04F79EFBC}") = "Sim.Cli", "src\Sim.Cli\Sim.Cli.csproj", "{D15E1366-F84D-4BB0-9DE7-608004AB6745}"
EndProject
Project("{FAE04EC0-301F-11D3-BF4B-00C04F79EFBC}") = "Sim.Contracts", "src\Sim.Contracts\Sim.Contracts.csproj", "{40120084-98CE-4DE1-AB3A-515101846E7F}"
EndProject
Project("{FAE04EC0-301F-11D3-BF4B-00C04F79EFBC}") = "Sim.Report", "src\Sim.Report\Sim.Report.csproj", "{7C2001A3-3587-498C-952D-9CBB2D766B5D}"
EndProject
Project("{FAE04EC0-301F-11D3-BF4B-00C04F79EFBC}") = "Sim.Report.Tests", "src\Sim.Report.Tests\Sim.Report.Tests.csproj", "{04EEBC46-672E-4E11-9544-6BCAE5E3BFED}"
EndProject
Project("{FAE04EC0-301F-11D3-BF4B-00C04F79EFBC}") = "Sim.Validation", "src\Sim.Validation\Sim.Validation.csproj", "{7C8E1FCE-97FF-4F6D-A7C1-2BE89E21E436}"
EndProject
Project("{FAE04EC0-301F-11D3-BF4B-00C04F79EFBC}") = "Sim.Validation.Tests", "src\Sim.Validation.Tests\Sim.Validation.Tests.csproj", "{3CC9C457-DC06-4185-9547-CA081449409D}"
EndProject
Project("{FAE04EC0-301F-11D3-BF4B-00C04F79EFBC}") = "AIWarehouseTwin.UnityBridge.Tests", "src\AIWarehouseTwin.UnityBridge.Tests\AIWarehouseTwin.UnityBridge.Tests.csproj", "{53D5FE32-AACE-40ED-BB18-A7780BDC5C7E}"
EndProject
Global
	GlobalSection(SolutionConfigurationPlatforms) = preSolution
		Debug|Any CPU = Debug|Any CPU
		Release|Any CPU = Release|Any CPU
	EndGlobalSection
	GlobalSection(ProjectConfigurationPlatforms) = postSolution
		{7C7E0E8E-98F4-4DE6-8D52-6CB0415CDB6F}.Debug|Any CPU.ActiveCfg = Debug|Any CPU
		{7C7E0E8E-98F4-4DE6-8D52-6CB0415CDB6F}.Debug|Any CPU.Build.0 = Debug|Any CPU
		{7C7E0E8E-98F4-4DE6-8D52-6CB0415CDB6F}.Release|Any CPU.ActiveCfg = Release|Any CPU
		{7C7E0E8E-98F4-4DE6-8D52-6CB0415CDB6F}.Release|Any CPU.Build.0 = Release|Any CPU
		{5AB3EA01-1322-4184-AE69-C2D73E57DCC2}.Debug|Any CPU.ActiveCfg = Debug|Any CPU
		{5AB3EA01-1322-4184-AE69-C2D73E57DCC2}.Debug|Any CPU.Build.0 = Debug|Any CPU
		{5AB3EA01-1322-4184-AE69-C2D73E57DCC2}.Release|Any CPU.ActiveCfg = Release|Any CPU
		{5AB3EA01-1322-4184-AE69-C2D73E57DCC2}.Release|Any CPU.Build.0 = Release|Any CPU
		{D15E1366-F84D-4BB0-9DE7-608004AB6745}.Debug|Any CPU.ActiveCfg = Debug|Any CPU
		{D15E1366-F84D-4BB0-9DE7-608004AB6745}.Debug|Any CPU.Build.0 = Debug|Any CPU
		{D15E1366-F84D-4BB0-9DE7-608004AB6745}.Release|Any CPU.ActiveCfg = Release|Any CPU
		{D15E1366-F84D-4BB0-9DE7-608004AB6745}.Release|Any CPU.Build.0 = Release|Any CPU
		{40120084-98CE-4DE1-AB3A-515101846E7F}.Debug|Any CPU.ActiveCfg = Debug|Any CPU
		{40120084-98CE-4DE1-AB3A-515101846E7F}.Debug|Any CPU.Build.0 = Debug|Any CPU
		{40120084-98CE-4DE1-AB3A-515101846E7F}.Release|Any CPU.ActiveCfg = Release|Any CPU
		{40120084-98CE-4DE1-AB3A-515101846E7F}.Release|Any CPU.Build.0 = Release|Any CPU
		{7C2001A3-3587-498C-952D-9CBB2D766B5D}.Debug|Any CPU.ActiveCfg = Debug|Any CPU
		{7C2001A3-3587-498C-952D-9CBB2D766B5D}.Debug|Any CPU.Build.0 = Debug|Any CPU
		{7C2001A3-3587-498C-952D-9CBB2D766B5D}.Release|Any CPU.ActiveCfg = Release|Any CPU
		{7C2001A3-3587-498C-952D-9CBB2D766B5D}.Release|Any CPU.Build.0 = Release|Any CPU
		{04EEBC46-672E-4E11-9544-6BCAE5E3BFED}.Debug|Any CPU.ActiveCfg = Debug|Any CPU
		{04EEBC46-672E-4E11-9544-6BCAE5E3BFED}.Debug|Any CPU.Build.0 = Debug|Any CPU
		{04EEBC46-672E-4E11-9544-6BCAE5E3BFED}.Release|Any CPU.ActiveCfg = Release|Any CPU
		{04EEBC46-672E-4E11-9544-6BCAE5E3BFED}.Release|Any CPU.Build.0 = Release|Any CPU
		{7C8E1FCE-97FF-4F6D-A7C1-2BE89E21E436}.Debug|Any CPU.ActiveCfg = Debug|Any CPU
		{7C8E1FCE-97FF-4F6D-A7C1-2BE89E21E436}.Debug|Any CPU.Build.0 = Debug|Any CPU
		{7C8E1FCE-97FF-4F6D-A7C1-2BE89E21E436}.Release|Any CPU.ActiveCfg = Release|Any CPU
		{7C8E1FCE-97FF-4F6D-A7C1-2BE89E21E436}.Release|Any CPU.Build.0 = Release|Any CPU
		{3CC9C457-DC06-4185-9547-CA081449409D}.Debug|Any CPU.ActiveCfg = Debug|Any CPU
		{3CC9C457-DC06-4185-9547-CA081449409D}.Debug|Any CPU.Build.0 = Debug|Any CPU
		{3CC9C457-DC06-4185-9547-CA081449409D}.Release|Any CPU.ActiveCfg = Release|Any CPU
		{3CC9C457-DC06-4185-9547-CA081449409D}.Release|Any CPU.Build.0 = Release|Any CPU
		{53D5FE32-AACE-40ED-BB18-A7780BDC5C7E}.Debug|Any CPU.ActiveCfg = Debug|Any CPU
		{53D5FE32-AACE-40ED-BB18-A7780BDC5C7E}.Debug|Any CPU.Build.0 = Debug|Any CPU
		{53D5FE32-AACE-40ED-BB18-A7780BDC5C7E}.Release|Any CPU.ActiveCfg = Release|Any CPU
		{53D5FE32-AACE-40ED-BB18-A7780BDC5C7E}.Release|Any CPU.Build.0 = Release|Any CPU
	EndGlobalSection
	GlobalSection(SolutionProperties) = preSolution
		HideSolutionNode = FALSE
	EndGlobalSection
	GlobalSection(NestedProjects) = preSolution
		{D15E1366-F84D-4BB0-9DE7-608004AB6745} = {92E33C9F-923B-4BDF-86C6-7888F5E78120}
		{40120084-98CE-4DE1-AB3A-515101846E7F} = {92E33C9F-923B-4BDF-86C6-7888F5E78120}
		{7C2001A3-3587-498C-952D-9CBB2D766B5D} = {92E33C9F-923B-4BDF-86C6-7888F5E78120}
		{04EEBC46-672E-4E11-9544-6BCAE5E3BFED} = {92E33C9F-923B-4BDF-86C6-7888F5E78120}
		{7C8E1FCE-97FF-4F6D-A7C1-2BE89E21E436} = {92E33C9F-923B-4BDF-86C6-7888F5E78120}
		{3CC9C457-DC06-4185-9547-CA081449409D} = {92E33C9F-923B-4BDF-86C6-7888F5E78120}
		{53D5FE32-AACE-40ED-BB18-A7780BDC5C7E} = {92E33C9F-923B-4BDF-86C6-7888F5E78120}
	EndGlobalSection
EndGlobal
